// !$*UTF8*$!
{
	archiveVersion = 1;
	classes = {
	};
	objectVersion = 50;
	objects = {

/* Begin PBXBuildFile section */
		6D35D9182164604000F432FC /* AppDelegate.swift in Sources */ = {isa = PBXBuildFile; fileRef = 6D35D9172164604000F432FC /* AppDelegate.swift */; };
		6D35D91A2164604000F432FC /* KZCVViewController.swift in Sources */ = {isa = PBXBuildFile; fileRef = 6D35D9192164604000F432FC /* KZCVViewController.swift */; };
		6D35D91D2164604000F432FC /* Main.storyboard in Resources */ = {isa = PBXBuildFile; fileRef = 6D35D91B2164604000F432FC /* Main.storyboard */; };
		6D35D91F2164604100F432FC /* Assets.xcassets in Resources */ = {isa = PBXBuildFile; fileRef = 6D35D91E2164604100F432FC /* Assets.xcassets */; };
		6D35D9222164604100F432FC /* LaunchScreen.storyboard in Resources */ = {isa = PBXBuildFile; fileRef = 6D35D9202164604100F432FC /* LaunchScreen.storyboard */; };
		6D35D92D2164604100F432FC /* KZContactsViewerTests.swift in Sources */ = {isa = PBXBuildFile; fileRef = 6D35D92C2164604100F432FC /* KZContactsViewerTests.swift */; };
		6D35D9382164604100F432FC /* KZContactsViewerUITests.swift in Sources */ = {isa = PBXBuildFile; fileRef = 6D35D9372164604100F432FC /* KZContactsViewerUITests.swift */; };
		6D35D947216460CE00F432FC /* contacts.json in Resources */ = {isa = PBXBuildFile; fileRef = 6D35D946216460CE00F432FC /* contacts.json */; };
		6D35D94B2164615400F432FC /* KZCVContactObject.swift in Sources */ = {isa = PBXBuildFile; fileRef = 6D35D94A2164615400F432FC /* KZCVContactObject.swift */; };
		6D35D94D2164621F00F432FC /* KZCVDataManager.swift in Sources */ = {isa = PBXBuildFile; fileRef = 6D35D94C2164621F00F432FC /* KZCVDataManager.swift */; };
		6D35D95421646DF900F432FC /* KZCVContactTableViewCell.swift in Sources */ = {isa = PBXBuildFile; fileRef = 6D35D95221646DF900F432FC /* KZCVContactTableViewCell.swift */; };
		6D35D95521646DF900F432FC /* KZCVContactTableViewCell.xib in Resources */ = {isa = PBXBuildFile; fileRef = 6D35D95321646DF900F432FC /* KZCVContactTableViewCell.xib */; };
		6D35D9572164736E00F432FC /* KZCVImageThumbnailCollectionViewCell.swift in Sources */ = {isa = PBXBuildFile; fileRef = 6D35D9562164736E00F432FC /* KZCVImageThumbnailCollectionViewCell.swift */; };
		6D35D959216476B400F432FC /* Avatars.xcassets in Resources */ = {isa = PBXBuildFile; fileRef = 6D35D958216476B400F432FC /* Avatars.xcassets */; };
		6DFF176E21647F65004B6A64 /* KZCVImageThumbnailCollectionView.swift in Sources */ = {isa = PBXBuildFile; fileRef = 6DFF176D21647F65004B6A64 /* KZCVImageThumbnailCollectionView.swift */; };
/* End PBXBuildFile section */

/* Begin PBXContainerItemProxy section */
		6D35D9292164604100F432FC /* PBXContainerItemProxy */ = {
			isa = PBXContainerItemProxy;
			containerPortal = 6D35D90C2164604000F432FC /* Project object */;
			proxyType = 1;
			remoteGlobalIDString = 6D35D9132164604000F432FC;
			remoteInfo = KZContactsViewer;
		};
		6D35D9342164604100F432FC /* PBXContainerItemProxy */ = {
			isa = PBXContainerItemProxy;
			containerPortal = 6D35D90C2164604000F432FC /* Project object */;
			proxyType = 1;
			remoteGlobalIDString = 6D35D9132164604000F432FC;
			remoteInfo = KZContactsViewer;
		};
/* End PBXContainerItemProxy section */

/* Begin PBXFileReference section */
		6D35D9142164604000F432FC /* KZContactsViewer.app */ = {isa = PBXFileReference; explicitFileType = wrapper.application; includeInIndex = 0; path = KZContactsViewer.app; sourceTree = BUILT_PRODUCTS_DIR; };
		6D35D9172164604000F432FC /* AppDelegate.swift */ = {isa = PBXFileReference; lastKnownFileType = sourcecode.swift; path = AppDelegate.swift; sourceTree = "<group>"; };
		6D35D9192164604000F432FC /* KZCVViewController.swift */ = {isa = PBXFileReference; lastKnownFileType = sourcecode.swift; path = KZCVViewController.swift; sourceTree = "<group>"; };
		6D35D91C2164604000F432FC /* Base */ = {isa = PBXFileReference; lastKnownFileType = file.storyboard; name = Base; path = Base.lproj/Main.storyboard; sourceTree = "<group>"; };
		6D35D91E2164604100F432FC /* Assets.xcassets */ = {isa = PBXFileReference; lastKnownFileType = folder.assetcatalog; path = Assets.xcassets; sourceTree = "<group>"; };
		6D35D9212164604100F432FC /* Base */ = {isa = PBXFileReference; lastKnownFileType = file.storyboard; name = Base; path = Base.lproj/LaunchScreen.storyboard; sourceTree = "<group>"; };
		6D35D9232164604100F432FC /* Info.plist */ = {isa = PBXFileReference; lastKnownFileType = text.plist.xml; path = Info.plist; sourceTree = "<group>"; };
		6D35D9282164604100F432FC /* KZContactsViewerTests.xctest */ = {isa = PBXFileReference; explicitFileType = wrapper.cfbundle; includeInIndex = 0; path = KZContactsViewerTests.xctest; sourceTree = BUILT_PRODUCTS_DIR; };
		6D35D92C2164604100F432FC /* KZContactsViewerTests.swift */ = {isa = PBXFileReference; lastKnownFileType = sourcecode.swift; path = KZContactsViewerTests.swift; sourceTree = "<group>"; };
		6D35D92E2164604100F432FC /* Info.plist */ = {isa = PBXFileReference; lastKnownFileType = text.plist.xml; path = Info.plist; sourceTree = "<group>"; };
		6D35D9332164604100F432FC /* KZContactsViewerUITests.xctest */ = {isa = PBXFileReference; explicitFileType = wrapper.cfbundle; includeInIndex = 0; path = KZContactsViewerUITests.xctest; sourceTree = BUILT_PRODUCTS_DIR; };
		6D35D9372164604100F432FC /* KZContactsViewerUITests.swift */ = {isa = PBXFileReference; lastKnownFileType = sourcecode.swift; path = KZContactsViewerUITests.swift; sourceTree = "<group>"; };
		6D35D9392164604100F432FC /* Info.plist */ = {isa = PBXFileReference; lastKnownFileType = text.plist.xml; path = Info.plist; sourceTree = "<group>"; };
		6D35D946216460CE00F432FC /* contacts.json */ = {isa = PBXFileReference; fileEncoding = 4; lastKnownFileType = text.json; path = contacts.json; sourceTree = "<group>"; };
		6D35D94A2164615400F432FC /* KZCVContactObject.swift */ = {isa = PBXFileReference; lastKnownFileType = sourcecode.swift; path = KZCVContactObject.swift; sourceTree = "<group>"; };
		6D35D94C2164621F00F432FC /* KZCVDataManager.swift */ = {isa = PBXFileReference; lastKnownFileType = sourcecode.swift; path = KZCVDataManager.swift; sourceTree = "<group>"; };
		6D35D95221646DF900F432FC /* KZCVContactTableViewCell.swift */ = {isa = PBXFileReference; lastKnownFileType = sourcecode.swift; path = KZCVContactTableViewCell.swift; sourceTree = "<group>"; };
		6D35D95321646DF900F432FC /* KZCVContactTableViewCell.xib */ = {isa = PBXFileReference; lastKnownFileType = file.xib; path = KZCVContactTableViewCell.xib; sourceTree = "<group>"; };
		6D35D9562164736E00F432FC /* KZCVImageThumbnailCollectionViewCell.swift */ = {isa = PBXFileReference; lastKnownFileType = sourcecode.swift; path = KZCVImageThumbnailCollectionViewCell.swift; sourceTree = "<group>"; };
		6D35D958216476B400F432FC /* Avatars.xcassets */ = {isa = PBXFileReference; lastKnownFileType = folder.assetcatalog; path = Avatars.xcassets; sourceTree = "<group>"; };
		6DFF176D21647F65004B6A64 /* KZCVImageThumbnailCollectionView.swift */ = {isa = PBXFileReference; lastKnownFileType = sourcecode.swift; path = KZCVImageThumbnailCollectionView.swift; sourceTree = "<group>"; };
/* End PBXFileReference section */

/* Begin PBXFrameworksBuildPhase section */
		6D35D9112164604000F432FC /* Frameworks */ = {
			isa = PBXFrameworksBuildPhase;
			buildActionMask = 2147483647;
			files = (
			);
			runOnlyForDeploymentPostprocessing = 0;
		};
		6D35D9252164604100F432FC /* Frameworks */ = {
			isa = PBXFrameworksBuildPhase;
			buildActionMask = 2147483647;
			files = (
			);
			runOnlyForDeploymentPostprocessing = 0;
		};
		6D35D9302164604100F432FC /* Frameworks */ = {
			isa = PBXFrameworksBuildPhase;
			buildActionMask = 2147483647;
			files = (
			);
			runOnlyForDeploymentPostprocessing = 0;
		};
/* End PBXFrameworksBuildPhase section */

/* Begin PBXGroup section */
		6D35D90B2164604000F432FC = {
			isa = PBXGroup;
			children = (
				6D35D9162164604000F432FC /* KZContactsViewer */,
				6D35D92B2164604100F432FC /* KZContactsViewerTests */,
				6D35D9362164604100F432FC /* KZContactsViewerUITests */,
				6D35D9152164604000F432FC /* Products */,
			);
			sourceTree = "<group>";
		};
		6D35D9152164604000F432FC /* Products */ = {
			isa = PBXGroup;
			children = (
				6D35D9142164604000F432FC /* KZContactsViewer.app */,
				6D35D9282164604100F432FC /* KZContactsViewerTests.xctest */,
				6D35D9332164604100F432FC /* KZContactsViewerUITests.xctest */,
			);
			name = Products;
			sourceTree = "<group>";
		};
		6D35D9162164604000F432FC /* KZContactsViewer */ = {
			isa = PBXGroup;
			children = (
				6D35D9452164609F00F432FC /* DataModel */,
				6D35D9172164604000F432FC /* AppDelegate.swift */,
				6D35D9192164604000F432FC /* KZCVViewController.swift */,
				6DFF176C21647F3D004B6A64 /* ImageThumbnailCollectionView */,
				6D35D95121646DCD00F432FC /* ContactTableViewCell */,
				6D35D91B2164604000F432FC /* Main.storyboard */,
				6D35D91E2164604100F432FC /* Assets.xcassets */,
				6D35D9202164604100F432FC /* LaunchScreen.storyboard */,
				6D35D9232164604100F432FC /* Info.plist */,
			);
			path = KZContactsViewer;
			sourceTree = "<group>";
		};
		6D35D92B2164604100F432FC /* KZContactsViewerTests */ = {
			isa = PBXGroup;
			children = (
				6D35D92C2164604100F432FC /* KZContactsViewerTests.swift */,
				6D35D92E2164604100F432FC /* Info.plist */,
			);
			path = KZContactsViewerTests;
			sourceTree = "<group>";
		};
		6D35D9362164604100F432FC /* KZContactsViewerUITests */ = {
			isa = PBXGroup;
			children = (
				6D35D9372164604100F432FC /* KZContactsViewerUITests.swift */,
				6D35D9392164604100F432FC /* Info.plist */,
			);
			path = KZContactsViewerUITests;
			sourceTree = "<group>";
		};
		6D35D9452164609F00F432FC /* DataModel */ = {
			isa = PBXGroup;
			children = (
				6D35D94C2164621F00F432FC /* KZCVDataManager.swift */,
				6D35D94A2164615400F432FC /* KZCVContactObject.swift */,
				6D35D958216476B400F432FC /* Avatars.xcassets */,
				6D35D946216460CE00F432FC /* contacts.json */,
			);
			path = DataModel;
			sourceTree = "<group>";
		};
		6D35D94E21646A7300F432FC /* ImageThumbnailCollectionViewCell */ = {
			isa = PBXGroup;
			children = (
				6D35D9562164736E00F432FC /* KZCVImageThumbnailCollectionViewCell.swift */,
			);
			path = ImageThumbnailCollectionViewCell;
			sourceTree = "<group>";
		};
		6D35D95121646DCD00F432FC /* ContactTableViewCell */ = {
			isa = PBXGroup;
			children = (
				6D35D95221646DF900F432FC /* KZCVContactTableViewCell.swift */,
				6D35D95321646DF900F432FC /* KZCVContactTableViewCell.xib */,
			);
			path = ContactTableViewCell;
			sourceTree = "<group>";
		};
		6DFF176C21647F3D004B6A64 /* ImageThumbnailCollectionView */ = {
			isa = PBXGroup;
			children = (
				6DFF176D21647F65004B6A64 /* KZCVImageThumbnailCollectionView.swift */,
				6D35D94E21646A7300F432FC /* ImageThumbnailCollectionViewCell */,
			);
			path = ImageThumbnailCollectionView;
			sourceTree = "<group>";
		};
/* End PBXGroup section */

/* Begin PBXNativeTarget section */
		6D35D9132164604000F432FC /* KZContactsViewer */ = {
			isa = PBXNativeTarget;
			buildConfigurationList = 6D35D93C2164604100F432FC /* Build configuration list for PBXNativeTarget "KZContactsViewer" */;
			buildPhases = (
				6D35D9102164604000F432FC /* Sources */,
				6D35D9112164604000F432FC /* Frameworks */,
				6D35D9122164604000F432FC /* Resources */,
			);
			buildRules = (
			);
			dependencies = (
			);
			name = KZContactsViewer;
			productName = KZContactsViewer;
			productReference = 6D35D9142164604000F432FC /* KZContactsViewer.app */;
			productType = "com.apple.product-type.application";
		};
		6D35D9272164604100F432FC /* KZContactsViewerTests */ = {
			isa = PBXNativeTarget;
			buildConfigurationList = 6D35D93F2164604100F432FC /* Build configuration list for PBXNativeTarget "KZContactsViewerTests" */;
			buildPhases = (
				6D35D9242164604100F432FC /* Sources */,
				6D35D9252164604100F432FC /* Frameworks */,
				6D35D9262164604100F432FC /* Resources */,
			);
			buildRules = (
			);
			dependencies = (
				6D35D92A2164604100F432FC /* PBXTargetDependency */,
			);
			name = KZContactsViewerTests;
			productName = KZContactsViewerTests;
			productReference = 6D35D9282164604100F432FC /* KZContactsViewerTests.xctest */;
			productType = "com.apple.product-type.bundle.unit-test";
		};
		6D35D9322164604100F432FC /* KZContactsViewerUITests */ = {
			isa = PBXNativeTarget;
			buildConfigurationList = 6D35D9422164604100F432FC /* Build configuration list for PBXNativeTarget "KZContactsViewerUITests" */;
			buildPhases = (
				6D35D92F2164604100F432FC /* Sources */,
				6D35D9302164604100F432FC /* Frameworks */,
				6D35D9312164604100F432FC /* Resources */,
			);
			buildRules = (
			);
			dependencies = (
				6D35D9352164604100F432FC /* PBXTargetDependency */,
			);
			name = KZContactsViewerUITests;
			productName = KZContactsViewerUITests;
			productReference = 6D35D9332164604100F432FC /* KZContactsViewerUITests.xctest */;
			productType = "com.apple.product-type.bundle.ui-testing";
		};
/* End PBXNativeTarget section */

/* Begin PBXProject section */
		6D35D90C2164604000F432FC /* Project object */ = {
			isa = PBXProject;
			attributes = {
				LastSwiftUpdateCheck = 1000;
				LastUpgradeCheck = 1000;
				ORGANIZATIONNAME = "Kai Zou";
				TargetAttributes = {
					6D35D9132164604000F432FC = {
						CreatedOnToolsVersion = 10.0;
					};
					6D35D9272164604100F432FC = {
						CreatedOnToolsVersion = 10.0;
						TestTargetID = 6D35D9132164604000F432FC;
					};
					6D35D9322164604100F432FC = {
						CreatedOnToolsVersion = 10.0;
						TestTargetID = 6D35D9132164604000F432FC;
					};
				};
			};
			buildConfigurationList = 6D35D90F2164604000F432FC /* Build configuration list for PBXProject "KZContactsViewer" */;
			compatibilityVersion = "Xcode 9.3";
			developmentRegion = en;
			hasScannedForEncodings = 0;
			knownRegions = (
				en,
				Base,
			);
			mainGroup = 6D35D90B2164604000F432FC;
			productRefGroup = 6D35D9152164604000F432FC /* Products */;
			projectDirPath = "";
			projectRoot = "";
			targets = (
				6D35D9132164604000F432FC /* KZContactsViewer */,
				6D35D9272164604100F432FC /* KZContactsViewerTests */,
				6D35D9322164604100F432FC /* KZContactsViewerUITests */,
			);
		};
/* End PBXProject section */

/* Begin PBXResourcesBuildPhase section */
		6D35D9122164604000F432FC /* Resources */ = {
			isa = PBXResourcesBuildPhase;
			buildActionMask = 2147483647;
			files = (
				6D35D95521646DF900F432FC /* KZCVContactTableViewCell.xib in Resources */,
				6D35D947216460CE00F432FC /* contacts.json in Resources */,
				6D35D959216476B400F432FC /* Avatars.xcassets in Resources */,
				6D35D9222164604100F432FC /* LaunchScreen.storyboard in Resources */,
				6D35D91F2164604100F432FC /* Assets.xcassets in Resources */,
				6D35D91D2164604000F432FC /* Main.storyboard in Resources */,
			);
			runOnlyForDeploymentPostprocessing = 0;
		};
		6D35D9262164604100F432FC /* Resources */ = {
			isa = PBXResourcesBuildPhase;
			buildActionMask = 2147483647;
			files = (
			);
			runOnlyForDeploymentPostprocessing = 0;
		};
		6D35D9312164604100F432FC /* Resources */ = {
			isa = PBXResourcesBuildPhase;
			buildActionMask = 2147483647;
			files = (
			);
			runOnlyForDeploymentPostprocessing = 0;
		};
/* End PBXResourcesBuildPhase section */

/* Begin PBXSourcesBuildPhase section */
		6D35D9102164604000F432FC /* Sources */ = {
			isa = PBXSourcesBuildPhase;
			buildActionMask = 2147483647;
			files = (
				6D35D95421646DF900F432FC /* KZCVContactTableViewCell.swift in Sources */,
				6D35D91A2164604000F432FC /* KZCVViewController.swift in Sources */,
				6D35D9182164604000F432FC /* AppDelegate.swift in Sources */,
				6D35D9572164736E00F432FC /* KZCVImageThumbnailCollectionViewCell.swift in Sources */,
				6D35D94B2164615400F432FC /* KZCVContactObject.swift in Sources */,
				6D35D94D2164621F00F432FC /* KZCVDataManager.swift in Sources */,
				6DFF176E21647F65004B6A64 /* KZCVImageThumbnailCollectionView.swift in Sources */,
			);
			runOnlyForDeploymentPostprocessing = 0;
		};
		6D35D9242164604100F432FC /* Sources */ = {
			isa = PBXSourcesBuildPhase;
			buildActionMask = 2147483647;
			files = (
				6D35D92D2164604100F432FC /* KZContactsViewerTests.swift in Sources */,
			);
			runOnlyForDeploymentPostprocessing = 0;
		};
		6D35D92F2164604100F432FC /* Sources */ = {
			isa = PBXSourcesBuildPhase;
			buildActionMask = 2147483647;
			files = (
				6D35D9382164604100F432FC /* KZContactsViewerUITests.swift in Sources */,
			);
			runOnlyForDeploymentPostprocessing = 0;
		};
/* End PBXSourcesBuildPhase section */

/* Begin PBXTargetDependency section */
		6D35D92A2164604100F432FC /* PBXTargetDependency */ = {
			isa = PBXTargetDependency;
			target = 6D35D9132164604000F432FC /* KZContactsViewer */;
			targetProxy = 6D35D9292164604100F432FC /* PBXContainerItemProxy */;
		};
		6D35D9352164604100F432FC /* PBXTargetDependency */ = {
			isa = PBXTargetDependency;
			target = 6D35D9132164604000F432FC /* KZContactsViewer */;
			targetProxy = 6D35D9342164604100F432FC /* PBXContainerItemProxy */;
		};
/* End PBXTargetDependency section */

/* Begin PBXVariantGroup section */
		6D35D91B2164604000F432FC /* Main.storyboard */ = {
			isa = PBXVariantGroup;
			children = (
				6D35D91C2164604000F432FC /* Base */,
			);
			name = Main.storyboard;
			sourceTree = "<group>";
		};
		6D35D9202164604100F432FC /* LaunchScreen.storyboard */ = {
			isa = PBXVariantGroup;
			children = (
				6D35D9212164604100F432FC /* Base */,
			);
			name = LaunchScreen.storyboard;
			sourceTree = "<group>";
		};
/* End PBXVariantGroup section */

/* Begin XCBuildConfiguration section */
		6D35D93A2164604100F432FC /* Debug */ = {
			isa = XCBuildConfiguration;
			buildSettings = {
				ALWAYS_SEARCH_USER_PATHS = NO;
				CLANG_ANALYZER_NONNULL = YES;
				CLANG_ANALYZER_NUMBER_OBJECT_CONVERSION = YES_AGGRESSIVE;
				CLANG_CXX_LANGUAGE_STANDARD = "gnu++14";
				CLANG_CXX_LIBRARY = "libc++";
				CLANG_ENABLE_MODULES = YES;
				CLANG_ENABLE_OBJC_ARC = YES;
				CLANG_ENABLE_OBJC_WEAK = YES;
				CLANG_WARN_BLOCK_CAPTURE_AUTORELEASING = YES;
				CLANG_WARN_BOOL_CONVERSION = YES;
				CLANG_WARN_COMMA = YES;
				CLANG_WARN_CONSTANT_CONVERSION = YES;
				CLANG_WARN_DEPRECATED_OBJC_IMPLEMENTATIONS = YES;
				CLANG_WARN_DIRECT_OBJC_ISA_USAGE = YES_ERROR;
				CLANG_WARN_DOCUMENTATION_COMMENTS = YES;
				CLANG_WARN_EMPTY_BODY = YES;
				CLANG_WARN_ENUM_CONVERSION = YES;
				CLANG_WARN_INFINITE_RECURSION = YES;
				CLANG_WARN_INT_CONVERSION = YES;
				CLANG_WARN_NON_LITERAL_NULL_CONVERSION = YES;
				CLANG_WARN_OBJC_IMPLICIT_RETAIN_SELF = YES;
				CLANG_WARN_OBJC_LITERAL_CONVERSION = YES;
				CLANG_WARN_OBJC_ROOT_CLASS = YES_ERROR;
				CLANG_WARN_RANGE_LOOP_ANALYSIS = YES;
				CLANG_WARN_STRICT_PROTOTYPES = YES;
				CLANG_WARN_SUSPICIOUS_MOVE = YES;
				CLANG_WARN_UNGUARDED_AVAILABILITY = YES_AGGRESSIVE;
				CLANG_WARN_UNREACHABLE_CODE = YES;
				CLANG_WARN__DUPLICATE_METHOD_MATCH = YES;
				CODE_SIGN_IDENTITY = "iPhone Developer";
				COPY_PHASE_STRIP = NO;
				DEBUG_INFORMATION_FORMAT = dwarf;
				ENABLE_STRICT_OBJC_MSGSEND = YES;
				ENABLE_TESTABILITY = YES;
				GCC_C_LANGUAGE_STANDARD = gnu11;
				GCC_DYNAMIC_NO_PIC = NO;
				GCC_NO_COMMON_BLOCKS = YES;
				GCC_OPTIMIZATION_LEVEL = 0;
				GCC_PREPROCESSOR_DEFINITIONS = (
					"DEBUG=1",
					"$(inherited)",
				);
				GCC_WARN_64_TO_32_BIT_CONVERSION = YES;
				GCC_WARN_ABOUT_RETURN_TYPE = YES_ERROR;
				GCC_WARN_UNDECLARED_SELECTOR = YES;
				GCC_WARN_UNINITIALIZED_AUTOS = YES_AGGRESSIVE;
				GCC_WARN_UNUSED_FUNCTION = YES;
				GCC_WARN_UNUSED_VARIABLE = YES;
				IPHONEOS_DEPLOYMENT_TARGET = 12.0;
				MTL_ENABLE_DEBUG_INFO = INCLUDE_SOURCE;
				MTL_FAST_MATH = YES;
				ONLY_ACTIVE_ARCH = YES;
				SDKROOT = iphoneos;
				SWIFT_ACTIVE_COMPILATION_CONDITIONS = DEBUG;
				SWIFT_OPTIMIZATION_LEVEL = "-Onone";
			};
			name = Debug;
		};
		6D35D93B2164604100F432FC /* Release */ = {
			isa = XCBuildConfiguration;
			buildSettings = {
				ALWAYS_SEARCH_USER_PATHS = NO;
				CLANG_ANALYZER_NONNULL = YES;
				CLANG_ANALYZER_NUMBER_OBJECT_CONVERSION = YES_AGGRESSIVE;
				CLANG_CXX_LANGUAGE_STANDARD = "gnu++14";
				CLANG_CXX_LIBRARY = "libc++";
				CLANG_ENABLE_MODULES = YES;
				CLANG_ENABLE_OBJC_ARC = YES;
				CLANG_ENABLE_OBJC_WEAK = YES;
				CLANG_WARN_BLOCK_CAPTURE_AUTORELEASING = YES;
				CLANG_WARN_BOOL_CONVERSION = YES;
				CLANG_WARN_COMMA = YES;
				CLANG_WARN_CONSTANT_CONVERSION = YES;
				CLANG_WARN_DEPRECATED_OBJC_IMPLEMENTATIONS = YES;
				CLANG_WARN_DIRECT_OBJC_ISA_USAGE = YES_ERROR;
				CLANG_WARN_DOCUMENTATION_COMMENTS = YES;
				CLANG_WARN_EMPTY_BODY = YES;
				CLANG_WARN_ENUM_CONVERSION = YES;
				CLANG_WARN_INFINITE_RECURSION = YES;
				CLANG_WARN_INT_CONVERSION = YES;
				CLANG_WARN_NON_LITERAL_NULL_CONVERSION = YES;
				CLANG_WARN_OBJC_IMPLICIT_RETAIN_SELF = YES;
				CLANG_WARN_OBJC_LITERAL_CONVERSION = YES;
				CLANG_WARN_OBJC_ROOT_CLASS = YES_ERROR;
				CLANG_WARN_RANGE_LOOP_ANALYSIS = YES;
				CLANG_WARN_STRICT_PROTOTYPES = YES;
				CLANG_WARN_SUSPICIOUS_MOVE = YES;
				CLANG_WARN_UNGUARDED_AVAILABILITY = YES_AGGRESSIVE;
				CLANG_WARN_UNREACHABLE_CODE = YES;
				CLANG_WARN__DUPLICATE_METHOD_MATCH = YES;
				CODE_SIGN_IDENTITY = "iPhone Developer";
				COPY_PHASE_STRIP = NO;
				DEBUG_INFORMATION_FORMAT = "dwarf-with-dsym";
				ENABLE_NS_ASSERTIONS = NO;
				ENABLE_STRICT_OBJC_MSGSEND = YES;
				GCC_C_LANGUAGE_STANDARD = gnu11;
				GCC_NO_COMMON_BLOCKS = YES;
				GCC_WARN_64_TO_32_BIT_CONVERSION = YES;
				GCC_WARN_ABOUT_RETURN_TYPE = YES_ERROR;
				GCC_WARN_UNDECLARED_SELECTOR = YES;
				GCC_WARN_UNINITIALIZED_AUTOS = YES_AGGRESSIVE;
				GCC_WARN_UNUSED_FUNCTION = YES;
				GCC_WARN_UNUSED_VARIABLE = YES;
				IPHONEOS_DEPLOYMENT_TARGET = 12.0;
				MTL_ENABLE_DEBUG_INFO = NO;
				MTL_FAST_MATH = YES;
				SDKROOT = iphoneos;
				SWIFT_COMPILATION_MODE = wholemodule;
				SWIFT_OPTIMIZATION_LEVEL = "-O";
				VALIDATE_PRODUCT = YES;
			};
			name = Release;
		};
		6D35D93D2164604100F432FC /* Debug */ = {
			isa = XCBuildConfiguration;
			buildSettings = {
				ASSETCATALOG_COMPILER_APPICON_NAME = AppIcon;
				CODE_SIGN_STYLE = Automatic;
				DEVELOPMENT_TEAM = "";
				INFOPLIST_FILE = KZContactsViewer/Info.plist;
				LD_RUNPATH_SEARCH_PATHS = (
					"$(inherited)",
					"@executable_path/Frameworks",
				);
				PRODUCT_BUNDLE_IDENTIFIER = com.kaizou.KZContactsViewer;
				PRODUCT_NAME = "$(TARGET_NAME)";
				SWIFT_VERSION = 4.2;
				TARGETED_DEVICE_FAMILY = "1,2";
			};
			name = Debug;
		};
		6D35D93E2164604100F432FC /* Release */ = {
			isa = XCBuildConfiguration;
			buildSettings = {
				ASSETCATALOG_COMPILER_APPICON_NAME = AppIcon;
				CODE_SIGN_STYLE = Automatic;
				DEVELOPMENT_TEAM = "";
				INFOPLIST_FILE = KZContactsViewer/Info.plist;
				LD_RUNPATH_SEARCH_PATHS = (
					"$(inherited)",
					"@executable_path/Frameworks",
				);
				PRODUCT_BUNDLE_IDENTIFIER = com.kaizou.KZContactsViewer;
				PRODUCT_NAME = "$(TARGET_NAME)";
				SWIFT_VERSION = 4.2;
				TARGETED_DEVICE_FAMILY = "1,2";
			};
			name = Release;
		};
		6D35D9402164604100F432FC /* Debug */ = {
			isa = XCBuildConfiguration;
			buildSettings = {
				ALWAYS_EMBED_SWIFT_STANDARD_LIBRARIES = YES;
				BUNDLE_LOADER = "$(TEST_HOST)";
				CODE_SIGN_STYLE = Automatic;
				INFOPLIST_FILE = KZContactsViewerTests/Info.plist;
				LD_RUNPATH_SEARCH_PATHS = (
					"$(inherited)",
					"@executable_path/Frameworks",
					"@loader_path/Frameworks",
				);
				PRODUCT_BUNDLE_IDENTIFIER = com.kaizou.KZContactsViewerTests;
				PRODUCT_NAME = "$(TARGET_NAME)";
				SWIFT_VERSION = 4.2;
				TARGETED_DEVICE_FAMILY = "1,2";
				TEST_HOST = "$(BUILT_PRODUCTS_DIR)/KZContactsViewer.app/KZContactsViewer";
			};
			name = Debug;
		};
		6D35D9412164604100F432FC /* Release */ = {
			isa = XCBuildConfiguration;
			buildSettings = {
				ALWAYS_EMBED_SWIFT_STANDARD_LIBRARIES = YES;
				BUNDLE_LOADER = "$(TEST_HOST)";
				CODE_SIGN_STYLE = Automatic;
				INFOPLIST_FILE = KZContactsViewerTests/Info.plist;
				LD_RUNPATH_SEARCH_PATHS = (
					"$(inherited)",
					"@executable_path/Frameworks",
					"@loader_path/Frameworks",
				);
				PRODUCT_BUNDLE_IDENTIFIER = com.kaizou.KZContactsViewerTests;
				PRODUCT_NAME = "$(TARGET_NAME)";
				SWIFT_VERSION = 4.2;
				TARGETED_DEVICE_FAMILY = "1,2";
				TEST_HOST = "$(BUILT_PRODUCTS_DIR)/KZContactsViewer.app/KZContactsViewer";
			};
			name = Release;
		};
		6D35D9432164604100F432FC /* Debug */ = {
			isa = XCBuildConfiguration;
			buildSettings = {
				ALWAYS_EMBED_SWIFT_STANDARD_LIBRARIES = YES;
				CODE_SIGN_STYLE = Automatic;
				INFOPLIST_FILE = KZContactsViewerUITests/Info.plist;
				LD_RUNPATH_SEARCH_PATHS = (
					"$(inherited)",
					"@executable_path/Frameworks",
					"@loader_path/Frameworks",
				);
				PRODUCT_BUNDLE_IDENTIFIER = com.kaizou.KZContactsViewerUITests;
				PRODUCT_NAME = "$(TARGET_NAME)";
				SWIFT_VERSION = 4.2;
				TARGETED_DEVICE_FAMILY = "1,2";
				TEST_TARGET_NAME = KZContactsViewer;
			};
			name = Debug;
		};
		6D35D9442164604100F432FC /* Release */ = {
			isa = XCBuildConfiguration;
			buildSettings = {
				ALWAYS_EMBED_SWIFT_STANDARD_LIBRARIES = YES;
				CODE_SIGN_STYLE = Automatic;
				INFOPLIST_FILE = KZContactsViewerUITests/Info.plist;
				LD_RUNPATH_SEARCH_PATHS = (
					"$(inherited)",
					"@executable_path/Frameworks",
					"@loader_path/Frameworks",
				);
				PRODUCT_BUNDLE_IDENTIFIER = com.kaizou.KZContactsViewerUITests;
				PRODUCT_NAME = "$(TARGET_NAME)";
				SWIFT_VERSION = 4.2;
				TARGETED_DEVICE_FAMILY = "1,2";
				TEST_TARGET_NAME = KZContactsViewer;
			};
			name = Release;
		};
/* End XCBuildConfiguration section */

/* Begin XCConfigurationList section */
		6D35D90F2164604000F432FC /* Build configuration list for PBXProject "KZContactsViewer" */ = {
			isa = XCConfigurationList;
			buildConfigurations = (
				6D35D93A2164604100F432FC /* Debug */,
				6D35D93B2164604100F432FC /* Release */,
			);
			defaultConfigurationIsVisible = 0;
			defaultConfigurationName = Release;
		};
		6D35D93C2164604100F432FC /* Build configuration list for PBXNativeTarget "KZContactsViewer" */ = {
			isa = XCConfigurationList;
			buildConfigurations = (
				6D35D93D2164604100F432FC /* Debug */,
				6D35D93E2164604100F432FC /* Release */,
			);
			defaultConfigurationIsVisible = 0;
			defaultConfigurationName = Release;
		};
		6D35D93F2164604100F432FC /* Build configuration list for PBXNativeTarget "KZContactsViewerTests" */ = {
			isa = XCConfigurationList;
			buildConfigurations = (
				6D35D9402164604100F432FC /* Debug */,
				6D35D9412164604100F432FC /* Release */,
			);
			defaultConfigurationIsVisible = 0;
			defaultConfigurationName = Release;
		};
		6D35D9422164604100F432FC /* Build configuration list for PBXNativeTarget "KZContactsViewerUITests" */ = {
			isa = XCConfigurationList;
			buildConfigurations = (
				6D35D9432164604100F432FC /* Debug */,
				6D35D9442164604100F432FC /* Release */,
			);
			defaultConfigurationIsVisible = 0;
			defaultConfigurationName = Release;
		};
/* End XCConfigurationList section */
	};
	rootObject = 6D35D90C2164604000F432FC /* Project object */;
}
